// !$*UTF8*$!
{
	archiveVersion = 1;
	classes = {
	};
	objectVersion = 55;
	objects = {

/* Begin PBXBuildFile section */
		DF76BCF927E8742B002D154F /* NotoSans-Regular.ttf in Resources */ = {isa = PBXBuildFile; fileRef = DF76BCEE27E8742B002D154F /* NotoSans-Regular.ttf */; };
		DF76BCFA27E8742B002D154F /* NotoSans-Medium.ttf in Resources */ = {isa = PBXBuildFile; fileRef = DF76BCEF27E8742B002D154F /* NotoSans-Medium.ttf */; };
		DF76BCFB27E8742B002D154F /* NotoSans-MediumItalic.ttf in Resources */ = {isa = PBXBuildFile; fileRef = DF76BCF027E8742B002D154F /* NotoSans-MediumItalic.ttf */; };
		DF76BCFC27E8742B002D154F /* NotoSans-Black.ttf in Resources */ = {isa = PBXBuildFile; fileRef = DF76BCF127E8742B002D154F /* NotoSans-Black.ttf */; };
		DF76BCFD27E8742B002D154F /* NotoSans-Thin.ttf in Resources */ = {isa = PBXBuildFile; fileRef = DF76BCF227E8742B002D154F /* NotoSans-Thin.ttf */; };
		DF76BCFE27E8742B002D154F /* NotoSans-SemiBold.ttf in Resources */ = {isa = PBXBuildFile; fileRef = DF76BCF327E8742B002D154F /* NotoSans-SemiBold.ttf */; };
		DF76BCFF27E8742B002D154F /* NotoSans-SemiBoldItalic.ttf in Resources */ = {isa = PBXBuildFile; fileRef = DF76BCF427E8742B002D154F /* NotoSans-SemiBoldItalic.ttf */; };
		DF76BD0027E8742B002D154F /* NotoSans-LightItalic.ttf in Resources */ = {isa = PBXBuildFile; fileRef = DF76BCF527E8742B002D154F /* NotoSans-LightItalic.ttf */; };
		DF76BD0127E8742B002D154F /* NotoSans-Light.ttf in Resources */ = {isa = PBXBuildFile; fileRef = DF76BCF627E8742B002D154F /* NotoSans-Light.ttf */; };
		DF76BD0227E8742B002D154F /* NotoSans-BlackItalic.ttf in Resources */ = {isa = PBXBuildFile; fileRef = DF76BCF727E8742B002D154F /* NotoSans-BlackItalic.ttf */; };
		DF76BD0327E8742B002D154F /* NotoSans-ThinItalic.ttf in Resources */ = {isa = PBXBuildFile; fileRef = DF76BCF827E8742B002D154F /* NotoSans-ThinItalic.ttf */; };
		DF76BD0727E874E0002D154F /* x3CustomUI1.xcframework in Frameworks */ = {isa = PBXBuildFile; fileRef = DF76BD0427E874E0002D154F /* x3CustomUI1.xcframework */; };
		DF76BD0827E874E0002D154F /* x3CustomUI1.xcframework in Embed Frameworks */ = {isa = PBXBuildFile; fileRef = DF76BD0427E874E0002D154F /* x3CustomUI1.xcframework */; settings = {ATTRIBUTES = (CodeSignOnCopy, RemoveHeadersOnCopy, ); }; };
		DF76BD0927E874E0002D154F /* x3UI.xcframework in Frameworks */ = {isa = PBXBuildFile; fileRef = DF76BD0527E874E0002D154F /* x3UI.xcframework */; };
		DF76BD0A27E874E0002D154F /* x3UI.xcframework in Embed Frameworks */ = {isa = PBXBuildFile; fileRef = DF76BD0527E874E0002D154F /* x3UI.xcframework */; settings = {ATTRIBUTES = (CodeSignOnCopy, RemoveHeadersOnCopy, ); }; };
		DF76BD0B27E874E0002D154F /* x3Core.xcframework in Frameworks */ = {isa = PBXBuildFile; fileRef = DF76BD0627E874E0002D154F /* x3Core.xcframework */; };
		DF76BD0C27E874E0002D154F /* x3Core.xcframework in Embed Frameworks */ = {isa = PBXBuildFile; fileRef = DF76BD0627E874E0002D154F /* x3Core.xcframework */; settings = {ATTRIBUTES = (CodeSignOnCopy, RemoveHeadersOnCopy, ); }; };
		DF76BD1D27E87587002D154F /* ExampleViewController1.xib in Resources */ = {isa = PBXBuildFile; fileRef = DF76BD0F27E87587002D154F /* ExampleViewController1.xib */; };
		DF76BD1E27E87587002D154F /* ExampleViewController1.swift in Sources */ = {isa = PBXBuildFile; fileRef = DF76BD1027E87587002D154F /* ExampleViewController1.swift */; };
		DF76BD1F27E87587002D154F /* ExampleViewController2.xib in Resources */ = {isa = PBXBuildFile; fileRef = DF76BD1227E87587002D154F /* ExampleViewController2.xib */; };
		DF76BD2027E87587002D154F /* ExampleViewController2.swift in Sources */ = {isa = PBXBuildFile; fileRef = DF76BD1327E87587002D154F /* ExampleViewController2.swift */; };
		DF76BD2127E87587002D154F /* ExampleViewController5.xib in Resources */ = {isa = PBXBuildFile; fileRef = DF76BD1527E87587002D154F /* ExampleViewController5.xib */; };
		DF76BD2227E87587002D154F /* ExampleViewController5.swift in Sources */ = {isa = PBXBuildFile; fileRef = DF76BD1627E87587002D154F /* ExampleViewController5.swift */; };
		DF76BD2327E87587002D154F /* ExampleViewController4.xib in Resources */ = {isa = PBXBuildFile; fileRef = DF76BD1827E87587002D154F /* ExampleViewController4.xib */; };
		DF76BD2427E87587002D154F /* ExampleViewController4.swift in Sources */ = {isa = PBXBuildFile; fileRef = DF76BD1927E87587002D154F /* ExampleViewController4.swift */; };
		DF76BD2527E87587002D154F /* ExampleViewController3.xib in Resources */ = {isa = PBXBuildFile; fileRef = DF76BD1B27E87587002D154F /* ExampleViewController3.xib */; };
		DF76BD2627E87587002D154F /* ExampleViewController3.swift in Sources */ = {isa = PBXBuildFile; fileRef = DF76BD1C27E87587002D154F /* ExampleViewController3.swift */; };
		DF76BD2B27E87591002D154F /* ProfileDetailViewController.swift in Sources */ = {isa = PBXBuildFile; fileRef = DF76BD2927E87591002D154F /* ProfileDetailViewController.swift */; };
		DF76BD2C27E87591002D154F /* ProfileDetailViewController.xib in Resources */ = {isa = PBXBuildFile; fileRef = DF76BD2A27E87591002D154F /* ProfileDetailViewController.xib */; };
		DF76BD3427E87721002D154F /* UX3CustomInput.swift in Sources */ = {isa = PBXBuildFile; fileRef = DF76BD3327E87721002D154F /* UX3CustomInput.swift */; };
		DFA8232F27E86DCB005302F3 /* AppDelegate.swift in Sources */ = {isa = PBXBuildFile; fileRef = DFA8232E27E86DCB005302F3 /* AppDelegate.swift */; };
		DFA8233127E86DCB005302F3 /* SceneDelegate.swift in Sources */ = {isa = PBXBuildFile; fileRef = DFA8233027E86DCB005302F3 /* SceneDelegate.swift */; };
		DFA8233627E86DCB005302F3 /* Main.storyboard in Resources */ = {isa = PBXBuildFile; fileRef = DFA8233427E86DCB005302F3 /* Main.storyboard */; };
		DFA8233827E86DCB005302F3 /* Assets.xcassets in Resources */ = {isa = PBXBuildFile; fileRef = DFA8233727E86DCB005302F3 /* Assets.xcassets */; };
		DFA8233B27E86DCB005302F3 /* LaunchScreen.storyboard in Resources */ = {isa = PBXBuildFile; fileRef = DFA8233927E86DCB005302F3 /* LaunchScreen.storyboard */; };
		DFA8239B27E86F04005302F3 /* obama.png in Resources */ = {isa = PBXBuildFile; fileRef = DFA8234B27E86F03005302F3 /* obama.png */; };
		DFA823E527E86F3A005302F3 /* Localizable.strings in Resources */ = {isa = PBXBuildFile; fileRef = DFA823E727E86F3A005302F3 /* Localizable.strings */; };
		DFA823EB27E86F9A005302F3 /* UICustomResponder.swift in Sources */ = {isa = PBXBuildFile; fileRef = DFA823EA27E86F9A005302F3 /* UICustomResponder.swift */; };
		DFA823F227E87012005302F3 /* HomeControllerTableViewCell.xib in Resources */ = {isa = PBXBuildFile; fileRef = DFA823EE27E87012005302F3 /* HomeControllerTableViewCell.xib */; };
		DFA823F327E87012005302F3 /* HomeControllerTableViewCell.swift in Sources */ = {isa = PBXBuildFile; fileRef = DFA823EF27E87012005302F3 /* HomeControllerTableViewCell.swift */; };
		DFA823F427E87012005302F3 /* HomeViewController.swift in Sources */ = {isa = PBXBuildFile; fileRef = DFA823F027E87012005302F3 /* HomeViewController.swift */; };
		DFA823F527E87012005302F3 /* HomeViewController.xib in Resources */ = {isa = PBXBuildFile; fileRef = DFA823F127E87012005302F3 /* HomeViewController.xib */; };
		DFA8240227E8708D005302F3 /* Config.swift in Sources */ = {isa = PBXBuildFile; fileRef = DFA8240127E8708D005302F3 /* Config.swift */; };
/* End PBXBuildFile section */

/* Begin PBXCopyFilesBuildPhase section */
		DFA8240027E8706D005302F3 /* Embed Frameworks */ = {
			isa = PBXCopyFilesBuildPhase;
			buildActionMask = 2147483647;
			dstPath = "";
			dstSubfolderSpec = 10;
			files = (
				DF76BD0A27E874E0002D154F /* x3UI.xcframework in Embed Frameworks */,
				DF76BD0C27E874E0002D154F /* x3Core.xcframework in Embed Frameworks */,
				DF76BD0827E874E0002D154F /* x3CustomUI1.xcframework in Embed Frameworks */,
			);
			name = "Embed Frameworks";
			runOnlyForDeploymentPostprocessing = 0;
		};
/* End PBXCopyFilesBuildPhase section */

/* Begin PBXFileReference section */
		DF76BCEE27E8742B002D154F /* NotoSans-Regular.ttf */ = {isa = PBXFileReference; lastKnownFileType = file; path = "NotoSans-Regular.ttf"; sourceTree = "<group>"; };
		DF76BCEF27E8742B002D154F /* NotoSans-Medium.ttf */ = {isa = PBXFileReference; lastKnownFileType = file; path = "NotoSans-Medium.ttf"; sourceTree = "<group>"; };
		DF76BCF027E8742B002D154F /* NotoSans-MediumItalic.ttf */ = {isa = PBXFileReference; lastKnownFileType = file; path = "NotoSans-MediumItalic.ttf"; sourceTree = "<group>"; };
		DF76BCF127E8742B002D154F /* NotoSans-Black.ttf */ = {isa = PBXFileReference; lastKnownFileType = file; path = "NotoSans-Black.ttf"; sourceTree = "<group>"; };
		DF76BCF227E8742B002D154F /* NotoSans-Thin.ttf */ = {isa = PBXFileReference; lastKnownFileType = file; path = "NotoSans-Thin.ttf"; sourceTree = "<group>"; };
		DF76BCF327E8742B002D154F /* NotoSans-SemiBold.ttf */ = {isa = PBXFileReference; lastKnownFileType = file; path = "NotoSans-SemiBold.ttf"; sourceTree = "<group>"; };
		DF76BCF427E8742B002D154F /* NotoSans-SemiBoldItalic.ttf */ = {isa = PBXFileReference; lastKnownFileType = file; path = "NotoSans-SemiBoldItalic.ttf"; sourceTree = "<group>"; };
		DF76BCF527E8742B002D154F /* NotoSans-LightItalic.ttf */ = {isa = PBXFileReference; lastKnownFileType = file; path = "NotoSans-LightItalic.ttf"; sourceTree = "<group>"; };
		DF76BCF627E8742B002D154F /* NotoSans-Light.ttf */ = {isa = PBXFileReference; lastKnownFileType = file; path = "NotoSans-Light.ttf"; sourceTree = "<group>"; };
		DF76BCF727E8742B002D154F /* NotoSans-BlackItalic.ttf */ = {isa = PBXFileReference; lastKnownFileType = file; path = "NotoSans-BlackItalic.ttf"; sourceTree = "<group>"; };
		DF76BCF827E8742B002D154F /* NotoSans-ThinItalic.ttf */ = {isa = PBXFileReference; lastKnownFileType = file; path = "NotoSans-ThinItalic.ttf"; sourceTree = "<group>"; };
		DF76BD0427E874E0002D154F /* x3CustomUI1.xcframework */ = {isa = PBXFileReference; lastKnownFileType = wrapper.xcframework; name = x3CustomUI1.xcframework; path = UITest/Frameworks/x3CustomUI1.xcframework; sourceTree = "<group>"; };
		DF76BD0527E874E0002D154F /* x3UI.xcframework */ = {isa = PBXFileReference; lastKnownFileType = wrapper.xcframework; name = x3UI.xcframework; path = UITest/Frameworks/x3UI.xcframework; sourceTree = "<group>"; };
		DF76BD0627E874E0002D154F /* x3Core.xcframework */ = {isa = PBXFileReference; lastKnownFileType = wrapper.xcframework; name = x3Core.xcframework; path = UITest/Frameworks/x3Core.xcframework; sourceTree = "<group>"; };
		DF76BD0F27E87587002D154F /* ExampleViewController1.xib */ = {isa = PBXFileReference; fileEncoding = 4; lastKnownFileType = file.xib; path = ExampleViewController1.xib; sourceTree = "<group>"; };
		DF76BD1027E87587002D154F /* ExampleViewController1.swift */ = {isa = PBXFileReference; fileEncoding = 4; lastKnownFileType = sourcecode.swift; path = ExampleViewController1.swift; sourceTree = "<group>"; };
		DF76BD1227E87587002D154F /* ExampleViewController2.xib */ = {isa = PBXFileReference; fileEncoding = 4; lastKnownFileType = file.xib; path = ExampleViewController2.xib; sourceTree = "<group>"; };
		DF76BD1327E87587002D154F /* ExampleViewController2.swift */ = {isa = PBXFileReference; fileEncoding = 4; lastKnownFileType = sourcecode.swift; path = ExampleViewController2.swift; sourceTree = "<group>"; };
		DF76BD1527E87587002D154F /* ExampleViewController5.xib */ = {isa = PBXFileReference; fileEncoding = 4; lastKnownFileType = file.xib; path = ExampleViewController5.xib; sourceTree = "<group>"; };
		DF76BD1627E87587002D154F /* ExampleViewController5.swift */ = {isa = PBXFileReference; fileEncoding = 4; lastKnownFileType = sourcecode.swift; path = ExampleViewController5.swift; sourceTree = "<group>"; };
		DF76BD1827E87587002D154F /* ExampleViewController4.xib */ = {isa = PBXFileReference; fileEncoding = 4; lastKnownFileType = file.xib; path = ExampleViewController4.xib; sourceTree = "<group>"; };
		DF76BD1927E87587002D154F /* ExampleViewController4.swift */ = {isa = PBXFileReference; fileEncoding = 4; lastKnownFileType = sourcecode.swift; path = ExampleViewController4.swift; sourceTree = "<group>"; };
		DF76BD1B27E87587002D154F /* ExampleViewController3.xib */ = {isa = PBXFileReference; fileEncoding = 4; lastKnownFileType = file.xib; path = ExampleViewController3.xib; sourceTree = "<group>"; };
		DF76BD1C27E87587002D154F /* ExampleViewController3.swift */ = {isa = PBXFileReference; fileEncoding = 4; lastKnownFileType = sourcecode.swift; path = ExampleViewController3.swift; sourceTree = "<group>"; };
		DF76BD2927E87591002D154F /* ProfileDetailViewController.swift */ = {isa = PBXFileReference; fileEncoding = 4; lastKnownFileType = sourcecode.swift; path = ProfileDetailViewController.swift; sourceTree = "<group>"; };
		DF76BD2A27E87591002D154F /* ProfileDetailViewController.xib */ = {isa = PBXFileReference; fileEncoding = 4; lastKnownFileType = file.xib; path = ProfileDetailViewController.xib; sourceTree = "<group>"; };
		DF76BD3327E87721002D154F /* UX3CustomInput.swift */ = {isa = PBXFileReference; lastKnownFileType = sourcecode.swift; path = UX3CustomInput.swift; sourceTree = "<group>"; };
		DFA8232B27E86DCB005302F3 /* UITest.app */ = {isa = PBXFileReference; explicitFileType = wrapper.application; includeInIndex = 0; path = UITest.app; sourceTree = BUILT_PRODUCTS_DIR; };
		DFA8232E27E86DCB005302F3 /* AppDelegate.swift */ = {isa = PBXFileReference; lastKnownFileType = sourcecode.swift; path = AppDelegate.swift; sourceTree = "<group>"; };
		DFA8233027E86DCB005302F3 /* SceneDelegate.swift */ = {isa = PBXFileReference; lastKnownFileType = sourcecode.swift; path = SceneDelegate.swift; sourceTree = "<group>"; };
		DFA8233527E86DCB005302F3 /* Base */ = {isa = PBXFileReference; lastKnownFileType = file.storyboard; name = Base; path = Base.lproj/Main.storyboard; sourceTree = "<group>"; };
		DFA8233727E86DCB005302F3 /* Assets.xcassets */ = {isa = PBXFileReference; lastKnownFileType = folder.assetcatalog; path = Assets.xcassets; sourceTree = "<group>"; };
		DFA8233A27E86DCB005302F3 /* Base */ = {isa = PBXFileReference; lastKnownFileType = file.storyboard; name = Base; path = Base.lproj/LaunchScreen.storyboard; sourceTree = "<group>"; };
		DFA8233C27E86DCB005302F3 /* Info.plist */ = {isa = PBXFileReference; lastKnownFileType = text.plist.xml; path = Info.plist; sourceTree = "<group>"; };
		DFA8234B27E86F03005302F3 /* obama.png */ = {isa = PBXFileReference; lastKnownFileType = image.png; path = obama.png; sourceTree = "<group>"; };
		DFA823E627E86F3A005302F3 /* en */ = {isa = PBXFileReference; lastKnownFileType = text.plist.strings; name = en; path = en.lproj/Localizable.strings; sourceTree = "<group>"; };
		DFA823E827E86F3E005302F3 /* ru */ = {isa = PBXFileReference; lastKnownFileType = text.plist.strings; name = ru; path = ru.lproj/Localizable.strings; sourceTree = "<group>"; };
		DFA823EA27E86F9A005302F3 /* UICustomResponder.swift */ = {isa = PBXFileReference; lastKnownFileType = sourcecode.swift; path = UICustomResponder.swift; sourceTree = "<group>"; };
		DFA823EE27E87012005302F3 /* HomeControllerTableViewCell.xib */ = {isa = PBXFileReference; fileEncoding = 4; lastKnownFileType = file.xib; path = HomeControllerTableViewCell.xib; sourceTree = "<group>"; };
		DFA823EF27E87012005302F3 /* HomeControllerTableViewCell.swift */ = {isa = PBXFileReference; fileEncoding = 4; lastKnownFileType = sourcecode.swift; path = HomeControllerTableViewCell.swift; sourceTree = "<group>"; };
		DFA823F027E87012005302F3 /* HomeViewController.swift */ = {isa = PBXFileReference; fileEncoding = 4; lastKnownFileType = sourcecode.swift; path = HomeViewController.swift; sourceTree = "<group>"; };
		DFA823F127E87012005302F3 /* HomeViewController.xib */ = {isa = PBXFileReference; fileEncoding = 4; lastKnownFileType = file.xib; path = HomeViewController.xib; sourceTree = "<group>"; };
		DFA8240127E8708D005302F3 /* Config.swift */ = {isa = PBXFileReference; lastKnownFileType = sourcecode.swift; path = Config.swift; sourceTree = "<group>"; };
/* End PBXFileReference section */

/* Begin PBXFrameworksBuildPhase section */
		DFA8232827E86DCB005302F3 /* Frameworks */ = {
			isa = PBXFrameworksBuildPhase;
			buildActionMask = 2147483647;
			files = (
				DF76BD0927E874E0002D154F /* x3UI.xcframework in Frameworks */,
				DF76BD0B27E874E0002D154F /* x3Core.xcframework in Frameworks */,
				DF76BD0727E874E0002D154F /* x3CustomUI1.xcframework in Frameworks */,
			);
			runOnlyForDeploymentPostprocessing = 0;
		};
/* End PBXFrameworksBuildPhase section */

/* Begin PBXGroup section */
		DF76BCED27E8742B002D154F /* Fonts */ = {
			isa = PBXGroup;
			children = (
				DF76BCEE27E8742B002D154F /* NotoSans-Regular.ttf */,
				DF76BCEF27E8742B002D154F /* NotoSans-Medium.ttf */,
				DF76BCF027E8742B002D154F /* NotoSans-MediumItalic.ttf */,
				DF76BCF127E8742B002D154F /* NotoSans-Black.ttf */,
				DF76BCF227E8742B002D154F /* NotoSans-Thin.ttf */,
				DF76BCF327E8742B002D154F /* NotoSans-SemiBold.ttf */,
				DF76BCF427E8742B002D154F /* NotoSans-SemiBoldItalic.ttf */,
				DF76BCF527E8742B002D154F /* NotoSans-LightItalic.ttf */,
				DF76BCF627E8742B002D154F /* NotoSans-Light.ttf */,
				DF76BCF727E8742B002D154F /* NotoSans-BlackItalic.ttf */,
				DF76BCF827E8742B002D154F /* NotoSans-ThinItalic.ttf */,
			);
			path = Fonts;
			sourceTree = "<group>";
		};
		DF76BD0D27E87587002D154F /* ExampleViewController */ = {
			isa = PBXGroup;
			children = (
				DF76BD0E27E87587002D154F /* ExampleViewController1 */,
				DF76BD1127E87587002D154F /* ExampleViewController2 */,
				DF76BD1A27E87587002D154F /* ExampleViewController3 */,
				DF76BD1727E87587002D154F /* ExampleViewController4 */,
				DF76BD1427E87587002D154F /* ExampleViewController5 */,
			);
			path = ExampleViewController;
			sourceTree = "<group>";
		};
		DF76BD0E27E87587002D154F /* ExampleViewController1 */ = {
			isa = PBXGroup;
			children = (
				DF76BD0F27E87587002D154F /* ExampleViewController1.xib */,
				DF76BD1027E87587002D154F /* ExampleViewController1.swift */,
			);
			path = ExampleViewController1;
			sourceTree = "<group>";
		};
		DF76BD1127E87587002D154F /* ExampleViewController2 */ = {
			isa = PBXGroup;
			children = (
				DF76BD1227E87587002D154F /* ExampleViewController2.xib */,
				DF76BD1327E87587002D154F /* ExampleViewController2.swift */,
			);
			path = ExampleViewController2;
			sourceTree = "<group>";
		};
		DF76BD1427E87587002D154F /* ExampleViewController5 */ = {
			isa = PBXGroup;
			children = (
				DF76BD1527E87587002D154F /* ExampleViewController5.xib */,
				DF76BD1627E87587002D154F /* ExampleViewController5.swift */,
			);
			path = ExampleViewController5;
			sourceTree = "<group>";
		};
		DF76BD1727E87587002D154F /* ExampleViewController4 */ = {
			isa = PBXGroup;
			children = (
				DF76BD1827E87587002D154F /* ExampleViewController4.xib */,
				DF76BD1927E87587002D154F /* ExampleViewController4.swift */,
			);
			path = ExampleViewController4;
			sourceTree = "<group>";
		};
		DF76BD1A27E87587002D154F /* ExampleViewController3 */ = {
			isa = PBXGroup;
			children = (
				DF76BD1B27E87587002D154F /* ExampleViewController3.xib */,
				DF76BD1C27E87587002D154F /* ExampleViewController3.swift */,
			);
			path = ExampleViewController3;
			sourceTree = "<group>";
		};
		DF76BD2727E87591002D154F /* Security */ = {
			isa = PBXGroup;
			children = (
				DF76BD2827E87591002D154F /* ProfileDetailViewController */,
			);
			path = Security;
			sourceTree = "<group>";
		};
		DF76BD2827E87591002D154F /* ProfileDetailViewController */ = {
			isa = PBXGroup;
			children = (
				DF76BD2927E87591002D154F /* ProfileDetailViewController.swift */,
				DF76BD2A27E87591002D154F /* ProfileDetailViewController.xib */,
			);
			path = ProfileDetailViewController;
			sourceTree = "<group>";
		};
		DF76BD3027E876F4002D154F /* Controls */ = {
			isa = PBXGroup;
			children = (
			);
			path = Controls;
			sourceTree = "<group>";
		};
		DF76BD3127E87705002D154F /* View */ = {
			isa = PBXGroup;
			children = (
				DF76BD3227E8770E002D154F /* Control */,
			);
			path = View;
			sourceTree = "<group>";
		};
		DF76BD3227E8770E002D154F /* Control */ = {
			isa = PBXGroup;
			children = (
				DF76BD3327E87721002D154F /* UX3CustomInput.swift */,
			);
			path = Control;
			sourceTree = "<group>";
		};
		DFA8232227E86DCB005302F3 = {
			isa = PBXGroup;
			children = (
				DFA8232D27E86DCB005302F3 /* UITest */,
				DFA8232C27E86DCB005302F3 /* Products */,
				DFA823F627E8706D005302F3 /* Frameworks */,
			);
			sourceTree = "<group>";
		};
		DFA8232C27E86DCB005302F3 /* Products */ = {
			isa = PBXGroup;
			children = (
				DFA8232B27E86DCB005302F3 /* UITest.app */,
			);
			name = Products;
			sourceTree = "<group>";
		};
		DFA8232D27E86DCB005302F3 /* UITest */ = {
			isa = PBXGroup;
			children = (
				DFA8234927E86E53005302F3 /* Controller */,
				DFA8234827E86E40005302F3 /* Model */,
				DFA8234327E86DF9005302F3 /* Resources */,
				DFA8234727E86E21005302F3 /* Storyboard */,
				DFA8234227E86DD5005302F3 /* Info */,
			);
			path = UITest;
			sourceTree = "<group>";
		};
		DFA8234227E86DD5005302F3 /* Info */ = {
			isa = PBXGroup;
			children = (
				DFA8233C27E86DCB005302F3 /* Info.plist */,
			);
			path = Info;
			sourceTree = "<group>";
		};
		DFA8234327E86DF9005302F3 /* Resources */ = {
			isa = PBXGroup;
			children = (
				DF76BCED27E8742B002D154F /* Fonts */,
				DFA8234A27E86F03005302F3 /* Images */,
				DFA8239A27E86F04005302F3 /* Localization */,
				DFA8233727E86DCB005302F3 /* Assets.xcassets */,
			);
			path = Resources;
			sourceTree = "<group>";
		};
		DFA8234727E86E21005302F3 /* Storyboard */ = {
			isa = PBXGroup;
			children = (
				DFA8233927E86DCB005302F3 /* LaunchScreen.storyboard */,
				DFA8233427E86DCB005302F3 /* Main.storyboard */,
			);
			path = Storyboard;
			sourceTree = "<group>";
		};
		DFA8234827E86E40005302F3 /* Model */ = {
			isa = PBXGroup;
			children = (
				DFA823E927E86F8E005302F3 /* Classes */,
				DF76BD3027E876F4002D154F /* Controls */,
				DF76BD3127E87705002D154F /* View */,
				DFA8232E27E86DCB005302F3 /* AppDelegate.swift */,
				DFA8233027E86DCB005302F3 /* SceneDelegate.swift */,
				DFA8240127E8708D005302F3 /* Config.swift */,
			);
			path = Model;
			sourceTree = "<group>";
		};
		DFA8234927E86E53005302F3 /* Controller */ = {
			isa = PBXGroup;
			children = (
				DFA823EC27E86FD4005302F3 /* HomeController */,
				DF76BD0D27E87587002D154F /* ExampleViewController */,
				DF76BD2727E87591002D154F /* Security */,
			);
			path = Controller;
			sourceTree = "<group>";
		};
		DFA8234A27E86F03005302F3 /* Images */ = {
			isa = PBXGroup;
			children = (
				DFA8234B27E86F03005302F3 /* obama.png */,
			);
			path = Images;
			sourceTree = "<group>";
		};
		DFA8239A27E86F04005302F3 /* Localization */ = {
			isa = PBXGroup;
			children = (
				DFA823E727E86F3A005302F3 /* Localizable.strings */,
			);
			path = Localization;
			sourceTree = "<group>";
		};
		DFA823E927E86F8E005302F3 /* Classes */ = {
			isa = PBXGroup;
			children = (
				DFA823EA27E86F9A005302F3 /* UICustomResponder.swift */,
			);
			path = Classes;
			sourceTree = "<group>";
		};
		DFA823EC27E86FD4005302F3 /* HomeController */ = {
			isa = PBXGroup;
			children = (
				DFA823ED27E87012005302F3 /* HomeControllerTableViewCell */,
				DFA823F027E87012005302F3 /* HomeViewController.swift */,
				DFA823F127E87012005302F3 /* HomeViewController.xib */,
			);
			path = HomeController;
			sourceTree = "<group>";
		};
		DFA823ED27E87012005302F3 /* HomeControllerTableViewCell */ = {
			isa = PBXGroup;
			children = (
				DFA823EE27E87012005302F3 /* HomeControllerTableViewCell.xib */,
				DFA823EF27E87012005302F3 /* HomeControllerTableViewCell.swift */,
			);
			path = HomeControllerTableViewCell;
			sourceTree = "<group>";
		};
		DFA823F627E8706D005302F3 /* Frameworks */ = {
			isa = PBXGroup;
			children = (
				DF76BD0627E874E0002D154F /* x3Core.xcframework */,
				DF76BD0427E874E0002D154F /* x3CustomUI1.xcframework */,
				DF76BD0527E874E0002D154F /* x3UI.xcframework */,
			);
			name = Frameworks;
			sourceTree = "<group>";
		};
/* End PBXGroup section */

/* Begin PBXNativeTarget section */
		DFA8232A27E86DCB005302F3 /* UITest */ = {
			isa = PBXNativeTarget;
			buildConfigurationList = DFA8233F27E86DCB005302F3 /* Build configuration list for PBXNativeTarget "UITest" */;
			buildPhases = (
				DFA8232727E86DCB005302F3 /* Sources */,
				DFA8232827E86DCB005302F3 /* Frameworks */,
				DFA8232927E86DCB005302F3 /* Resources */,
				DFA8240027E8706D005302F3 /* Embed Frameworks */,
			);
			buildRules = (
			);
			dependencies = (
			);
			name = UITest;
			productName = UITest;
			productReference = DFA8232B27E86DCB005302F3 /* UITest.app */;
			productType = "com.apple.product-type.application";
		};
/* End PBXNativeTarget section */

/* Begin PBXProject section */
		DFA8232327E86DCB005302F3 /* Project object */ = {
			isa = PBXProject;
			attributes = {
				BuildIndependentTargetsInParallel = 1;
				LastSwiftUpdateCheck = 1330;
				LastUpgradeCheck = 1330;
				TargetAttributes = {
					DFA8232A27E86DCB005302F3 = {
						CreatedOnToolsVersion = 13.3;
					};
				};
			};
			buildConfigurationList = DFA8232627E86DCB005302F3 /* Build configuration list for PBXProject "UITest" */;
			compatibilityVersion = "Xcode 13.0";
			developmentRegion = en;
			hasScannedForEncodings = 0;
			knownRegions = (
				en,
				Base,
				ru,
			);
			mainGroup = DFA8232227E86DCB005302F3;
			productRefGroup = DFA8232C27E86DCB005302F3 /* Products */;
			projectDirPath = "";
			projectRoot = "";
			targets = (
				DFA8232A27E86DCB005302F3 /* UITest */,
			);
		};
/* End PBXProject section */

/* Begin PBXResourcesBuildPhase section */
		DFA8232927E86DCB005302F3 /* Resources */ = {
			isa = PBXResourcesBuildPhase;
			buildActionMask = 2147483647;
			files = (
				DF76BD2127E87587002D154F /* ExampleViewController5.xib in Resources */,
				DFA823F227E87012005302F3 /* HomeControllerTableViewCell.xib in Resources */,
				DFA823F527E87012005302F3 /* HomeViewController.xib in Resources */,
				DF76BCFB27E8742B002D154F /* NotoSans-MediumItalic.ttf in Resources */,
				DF76BD2527E87587002D154F /* ExampleViewController3.xib in Resources */,
				DF76BD1D27E87587002D154F /* ExampleViewController1.xib in Resources */,
				DF76BCFE27E8742B002D154F /* NotoSans-SemiBold.ttf in Resources */,
				DFA8239B27E86F04005302F3 /* obama.png in Resources */,
				DF76BCFC27E8742B002D154F /* NotoSans-Black.ttf in Resources */,
				DF76BD2327E87587002D154F /* ExampleViewController4.xib in Resources */,
				DF76BCFF27E8742B002D154F /* NotoSans-SemiBoldItalic.ttf in Resources */,
				DF76BD2C27E87591002D154F /* ProfileDetailViewController.xib in Resources */,
				DF76BD1F27E87587002D154F /* ExampleViewController2.xib in Resources */,
				DFA8233B27E86DCB005302F3 /* LaunchScreen.storyboard in Resources */,
				DF76BD0127E8742B002D154F /* NotoSans-Light.ttf in Resources */,
				DF76BCF927E8742B002D154F /* NotoSans-Regular.ttf in Resources */,
				DF76BD0027E8742B002D154F /* NotoSans-LightItalic.ttf in Resources */,
				DFA823E527E86F3A005302F3 /* Localizable.strings in Resources */,
				DFA8233827E86DCB005302F3 /* Assets.xcassets in Resources */,
				DF76BD0227E8742B002D154F /* NotoSans-BlackItalic.ttf in Resources */,
				DFA8233627E86DCB005302F3 /* Main.storyboard in Resources */,
				DF76BCFD27E8742B002D154F /* NotoSans-Thin.ttf in Resources */,
				DF76BD0327E8742B002D154F /* NotoSans-ThinItalic.ttf in Resources */,
				DF76BCFA27E8742B002D154F /* NotoSans-Medium.ttf in Resources */,
			);
			runOnlyForDeploymentPostprocessing = 0;
		};
/* End PBXResourcesBuildPhase section */

/* Begin PBXSourcesBuildPhase section */
		DFA8232727E86DCB005302F3 /* Sources */ = {
			isa = PBXSourcesBuildPhase;
			buildActionMask = 2147483647;
			files = (
				DFA823F327E87012005302F3 /* HomeControllerTableViewCell.swift in Sources */,
				DFA823EB27E86F9A005302F3 /* UICustomResponder.swift in Sources */,
				DF76BD3427E87721002D154F /* UX3CustomInput.swift in Sources */,
				DF76BD1E27E87587002D154F /* ExampleViewController1.swift in Sources */,
				DF76BD2B27E87591002D154F /* ProfileDetailViewController.swift in Sources */,
				DFA8240227E8708D005302F3 /* Config.swift in Sources */,
				DF76BD2227E87587002D154F /* ExampleViewController5.swift in Sources */,
				DFA8232F27E86DCB005302F3 /* AppDelegate.swift in Sources */,
				DFA8233127E86DCB005302F3 /* SceneDelegate.swift in Sources */,
				DFA823F427E87012005302F3 /* HomeViewController.swift in Sources */,
				DF76BD2627E87587002D154F /* ExampleViewController3.swift in Sources */,
				DF76BD2027E87587002D154F /* ExampleViewController2.swift in Sources */,
				DF76BD2427E87587002D154F /* ExampleViewController4.swift in Sources */,
			);
			runOnlyForDeploymentPostprocessing = 0;
		};
/* End PBXSourcesBuildPhase section */

/* Begin PBXVariantGroup section */
		DFA8233427E86DCB005302F3 /* Main.storyboard */ = {
			isa = PBXVariantGroup;
			children = (
				DFA8233527E86DCB005302F3 /* Base */,
			);
			name = Main.storyboard;
			sourceTree = "<group>";
		};
		DFA8233927E86DCB005302F3 /* LaunchScreen.storyboard */ = {
			isa = PBXVariantGroup;
			children = (
				DFA8233A27E86DCB005302F3 /* Base */,
			);
			name = LaunchScreen.storyboard;
			sourceTree = "<group>";
		};
		DFA823E727E86F3A005302F3 /* Localizable.strings */ = {
			isa = PBXVariantGroup;
			children = (
				DFA823E627E86F3A005302F3 /* en */,
				DFA823E827E86F3E005302F3 /* ru */,
			);
			name = Localizable.strings;
			sourceTree = "<group>";
		};
/* End PBXVariantGroup section */

/* Begin XCBuildConfiguration section */
		DFA8233D27E86DCB005302F3 /* Debug */ = {
			isa = XCBuildConfiguration;
			buildSettings = {
				ALWAYS_SEARCH_USER_PATHS = NO;
				CLANG_ANALYZER_NONNULL = YES;
				CLANG_ANALYZER_NUMBER_OBJECT_CONVERSION = YES_AGGRESSIVE;
				CLANG_CXX_LANGUAGE_STANDARD = "gnu++17";
				CLANG_ENABLE_MODULES = YES;
				CLANG_ENABLE_OBJC_ARC = YES;
				CLANG_ENABLE_OBJC_WEAK = YES;
				CLANG_WARN_BLOCK_CAPTURE_AUTORELEASING = YES;
				CLANG_WARN_BOOL_CONVERSION = YES;
				CLANG_WARN_COMMA = YES;
				CLANG_WARN_CONSTANT_CONVERSION = YES;
				CLANG_WARN_DEPRECATED_OBJC_IMPLEMENTATIONS = YES;
				CLANG_WARN_DIRECT_OBJC_ISA_USAGE = YES_ERROR;
				CLANG_WARN_DOCUMENTATION_COMMENTS = YES;
				CLANG_WARN_EMPTY_BODY = YES;
				CLANG_WARN_ENUM_CONVERSION = YES;
				CLANG_WARN_INFINITE_RECURSION = YES;
				CLANG_WARN_INT_CONVERSION = YES;
				CLANG_WARN_NON_LITERAL_NULL_CONVERSION = YES;
				CLANG_WARN_OBJC_IMPLICIT_RETAIN_SELF = YES;
				CLANG_WARN_OBJC_LITERAL_CONVERSION = YES;
				CLANG_WARN_OBJC_ROOT_CLASS = YES_ERROR;
				CLANG_WARN_QUOTED_INCLUDE_IN_FRAMEWORK_HEADER = YES;
				CLANG_WARN_RANGE_LOOP_ANALYSIS = YES;
				CLANG_WARN_STRICT_PROTOTYPES = YES;
				CLANG_WARN_SUSPICIOUS_MOVE = YES;
				CLANG_WARN_UNGUARDED_AVAILABILITY = YES_AGGRESSIVE;
				CLANG_WARN_UNREACHABLE_CODE = YES;
				CLANG_WARN__DUPLICATE_METHOD_MATCH = YES;
				COPY_PHASE_STRIP = NO;
				DEBUG_INFORMATION_FORMAT = dwarf;
				ENABLE_STRICT_OBJC_MSGSEND = YES;
				ENABLE_TESTABILITY = YES;
				GCC_C_LANGUAGE_STANDARD = gnu11;
				GCC_DYNAMIC_NO_PIC = NO;
				GCC_NO_COMMON_BLOCKS = YES;
				GCC_OPTIMIZATION_LEVEL = 0;
				GCC_PREPROCESSOR_DEFINITIONS = (
					"DEBUG=1",
					"$(inherited)",
				);
				GCC_WARN_64_TO_32_BIT_CONVERSION = YES;
				GCC_WARN_ABOUT_RETURN_TYPE = YES_ERROR;
				GCC_WARN_UNDECLARED_SELECTOR = YES;
				GCC_WARN_UNINITIALIZED_AUTOS = YES_AGGRESSIVE;
				GCC_WARN_UNUSED_FUNCTION = YES;
				GCC_WARN_UNUSED_VARIABLE = YES;
				IPHONEOS_DEPLOYMENT_TARGET = 15.4;
				MTL_ENABLE_DEBUG_INFO = INCLUDE_SOURCE;
				MTL_FAST_MATH = YES;
				ONLY_ACTIVE_ARCH = YES;
				SDKROOT = iphoneos;
				SWIFT_ACTIVE_COMPILATION_CONDITIONS = DEBUG;
				SWIFT_OPTIMIZATION_LEVEL = "-Onone";
			};
			name = Debug;
		};
		DFA8233E27E86DCB005302F3 /* Release */ = {
			isa = XCBuildConfiguration;
			buildSettings = {
				ALWAYS_SEARCH_USER_PATHS = NO;
				CLANG_ANALYZER_NONNULL = YES;
				CLANG_ANALYZER_NUMBER_OBJECT_CONVERSION = YES_AGGRESSIVE;
				CLANG_CXX_LANGUAGE_STANDARD = "gnu++17";
				CLANG_ENABLE_MODULES = YES;
				CLANG_ENABLE_OBJC_ARC = YES;
				CLANG_ENABLE_OBJC_WEAK = YES;
				CLANG_WARN_BLOCK_CAPTURE_AUTORELEASING = YES;
				CLANG_WARN_BOOL_CONVERSION = YES;
				CLANG_WARN_COMMA = YES;
				CLANG_WARN_CONSTANT_CONVERSION = YES;
				CLANG_WARN_DEPRECATED_OBJC_IMPLEMENTATIONS = YES;
				CLANG_WARN_DIRECT_OBJC_ISA_USAGE = YES_ERROR;
				CLANG_WARN_DOCUMENTATION_COMMENTS = YES;
				CLANG_WARN_EMPTY_BODY = YES;
				CLANG_WARN_ENUM_CONVERSION = YES;
				CLANG_WARN_INFINITE_RECURSION = YES;
				CLANG_WARN_INT_CONVERSION = YES;
				CLANG_WARN_NON_LITERAL_NULL_CONVERSION = YES;
				CLANG_WARN_OBJC_IMPLICIT_RETAIN_SELF = YES;
				CLANG_WARN_OBJC_LITERAL_CONVERSION = YES;
				CLANG_WARN_OBJC_ROOT_CLASS = YES_ERROR;
				CLANG_WARN_QUOTED_INCLUDE_IN_FRAMEWORK_HEADER = YES;
				CLANG_WARN_RANGE_LOOP_ANALYSIS = YES;
				CLANG_WARN_STRICT_PROTOTYPES = YES;
				CLANG_WARN_SUSPICIOUS_MOVE = YES;
				CLANG_WARN_UNGUARDED_AVAILABILITY = YES_AGGRESSIVE;
				CLANG_WARN_UNREACHABLE_CODE = YES;
				CLANG_WARN__DUPLICATE_METHOD_MATCH = YES;
				COPY_PHASE_STRIP = NO;
				DEBUG_INFORMATION_FORMAT = "dwarf-with-dsym";
				ENABLE_NS_ASSERTIONS = NO;
				ENABLE_STRICT_OBJC_MSGSEND = YES;
				GCC_C_LANGUAGE_STANDARD = gnu11;
				GCC_NO_COMMON_BLOCKS = YES;
				GCC_WARN_64_TO_32_BIT_CONVERSION = YES;
				GCC_WARN_ABOUT_RETURN_TYPE = YES_ERROR;
				GCC_WARN_UNDECLARED_SELECTOR = YES;
				GCC_WARN_UNINITIALIZED_AUTOS = YES_AGGRESSIVE;
				GCC_WARN_UNUSED_FUNCTION = YES;
				GCC_WARN_UNUSED_VARIABLE = YES;
				IPHONEOS_DEPLOYMENT_TARGET = 15.4;
				MTL_ENABLE_DEBUG_INFO = NO;
				MTL_FAST_MATH = YES;
				SDKROOT = iphoneos;
				SWIFT_COMPILATION_MODE = wholemodule;
				SWIFT_OPTIMIZATION_LEVEL = "-O";
				VALIDATE_PRODUCT = YES;
			};
			name = Release;
		};
		DFA8234027E86DCB005302F3 /* Debug */ = {
			isa = XCBuildConfiguration;
			buildSettings = {
				ASSETCATALOG_COMPILER_APPICON_NAME = AppIcon;
				ASSETCATALOG_COMPILER_GLOBAL_ACCENT_COLOR_NAME = AccentColor;
				CODE_SIGN_STYLE = Automatic;
				CURRENT_PROJECT_VERSION = 1;
				DEVELOPMENT_TEAM = 6UW82UTYA7;
				GENERATE_INFOPLIST_FILE = YES;
				INFOPLIST_FILE = UITest/Info/Info.plist;
				INFOPLIST_KEY_UIApplicationSupportsIndirectInputEvents = YES;
				INFOPLIST_KEY_UILaunchStoryboardName = LaunchScreen;
				INFOPLIST_KEY_UIMainStoryboardFile = Main;
				INFOPLIST_KEY_UISupportedInterfaceOrientations_iPad = "UIInterfaceOrientationPortrait UIInterfaceOrientationPortraitUpsideDown UIInterfaceOrientationLandscapeLeft UIInterfaceOrientationLandscapeRight";
				INFOPLIST_KEY_UISupportedInterfaceOrientations_iPhone = "UIInterfaceOrientationPortrait UIInterfaceOrientationLandscapeLeft UIInterfaceOrientationLandscapeRight";
				IPHONEOS_DEPLOYMENT_TARGET = 14.0;
				LD_RUNPATH_SEARCH_PATHS = (
					"$(inherited)",
					"@executable_path/Frameworks",
				);
				MARKETING_VERSION = 1.0;
				PRODUCT_BUNDLE_IDENTIFIER = ru.x3.UITest;
				PRODUCT_NAME = "$(TARGET_NAME)";
				SWIFT_EMIT_LOC_STRINGS = YES;
				SWIFT_VERSION = 5.0;
				TARGETED_DEVICE_FAMILY = "1,2";
			};
			name = Debug;
		};
		DFA8234127E86DCB005302F3 /* Release */ = {
			isa = XCBuildConfiguration;
			buildSettings = {
				ASSETCATALOG_COMPILER_APPICON_NAME = AppIcon;
				ASSETCATALOG_COMPILER_GLOBAL_ACCENT_COLOR_NAME = AccentColor;
				CODE_SIGN_STYLE = Automatic;
				CURRENT_PROJECT_VERSION = 1;
				DEVELOPMENT_TEAM = 6UW82UTYA7;
				GENERATE_INFOPLIST_FILE = YES;
				INFOPLIST_FILE = UITest/Info/Info.plist;
				INFOPLIST_KEY_UIApplicationSupportsIndirectInputEvents = YES;
				INFOPLIST_KEY_UILaunchStoryboardName = LaunchScreen;
				INFOPLIST_KEY_UIMainStoryboardFile = Main;
				INFOPLIST_KEY_UISupportedInterfaceOrientations_iPad = "UIInterfaceOrientationPortrait UIInterfaceOrientationPortraitUpsideDown UIInterfaceOrientationLandscapeLeft UIInterfaceOrientationLandscapeRight";
				INFOPLIST_KEY_UISupportedInterfaceOrientations_iPhone = "UIInterfaceOrientationPortrait UIInterfaceOrientationLandscapeLeft UIInterfaceOrientationLandscapeRight";
				IPHONEOS_DEPLOYMENT_TARGET = 14.0;
				LD_RUNPATH_SEARCH_PATHS = (
					"$(inherited)",
					"@executable_path/Frameworks",
				);
				MARKETING_VERSION = 1.0;
				PRODUCT_BUNDLE_IDENTIFIER = ru.x3.UITest;
				PRODUCT_NAME = "$(TARGET_NAME)";
				SWIFT_EMIT_LOC_STRINGS = YES;
				SWIFT_VERSION = 5.0;
				TARGETED_DEVICE_FAMILY = "1,2";
			};
			name = Release;
		};
/* End XCBuildConfiguration section */

/* Begin XCConfigurationList section */
		DFA8232627E86DCB005302F3 /* Build configuration list for PBXProject "UITest" */ = {
			isa = XCConfigurationList;
			buildConfigurations = (
				DFA8233D27E86DCB005302F3 /* Debug */,
				DFA8233E27E86DCB005302F3 /* Release */,
			);
			defaultConfigurationIsVisible = 0;
			defaultConfigurationName = Release;
		};
		DFA8233F27E86DCB005302F3 /* Build configuration list for PBXNativeTarget "UITest" */ = {
			isa = XCConfigurationList;
			buildConfigurations = (
				DFA8234027E86DCB005302F3 /* Debug */,
				DFA8234127E86DCB005302F3 /* Release */,
			);
			defaultConfigurationIsVisible = 0;
			defaultConfigurationName = Release;
		};
/* End XCConfigurationList section */
	};
	rootObject = DFA8232327E86DCB005302F3 /* Project object */;
}
